
Microsoft Visual Studio Solution File, Format Version 12.00
# Visual Studio 15
VisualStudioVersion = 15.0.28307.645
MinimumVisualStudioVersion = 10.0.40219.1
Project("{FAE04EC0-301F-11D3-BF4B-00C04F79EFBC}") = "Appium Project", "Appium Project\Appium Project.csproj", "{C1B66C64-A9FB-4D81-AEAC-0EB5098532B0}"
EndProject
Global
	GlobalSection(SolutionConfigurationPlatforms) = preSolution
		Debug|Any CPU = Debug|Any CPU
		Release|Any CPU = Release|Any CPU
	EndGlobalSection
	GlobalSection(ProjectConfigurationPlatforms) = postSolution
		{C1B66C64-A9FB-4D81-AEAC-0EB5098532B0}.Debug|Any CPU.ActiveCfg = Debug|Any CPU
		{C1B66C64-A9FB-4D81-AEAC-0EB5098532B0}.Debug|Any CPU.Build.0 = Debug|Any CPU
		{C1B66C64-A9FB-4D81-AEAC-0EB5098532B0}.Release|Any CPU.ActiveCfg = Release|Any CPU
		{C1B66C64-A9FB-4D81-AEAC-0EB5098532B0}.Release|Any CPU.Build.0 = Release|Any CPU
	EndGlobalSection
	GlobalSection(SolutionProperties) = preSolution
		HideSolutionNode = FALSE
	EndGlobalSection
	GlobalSection(ExtensibilityGlobals) = postSolution
		SolutionGuid = {D0AA102E-754B-4FD0-96A7-98DFB84D94FD}
	EndGlobalSection
EndGlobal
